
Microsoft Visual Studio Solution File, Format Version 12.00
# Visual Studio Version 16
VisualStudioVersion = 16.0.31129.286
MinimumVisualStudioVersion = 10.0.40219.1
Project("{FAE04EC0-301F-11D3-BF4B-00C04F79EFBC}") = "DemoRoles.Server", "Server\DemoRoles.Server.csproj", "{0C46178B-E46E-45F2-B067-E1DC50209525}"
EndProject
Project("{FAE04EC0-301F-11D3-BF4B-00C04F79EFBC}") = "DemoRoles.Client", "Client\DemoRoles.Client.csproj", "{0E0D865D-9B89-498D-A856-48DE2B3764C3}"
EndProject
Project("{FAE04EC0-301F-11D3-BF4B-00C04F79EFBC}") = "DemoRoles.Shared", "Shared\DemoRoles.Shared.csproj", "{A532BB39-3D3D-4D6F-BF31-AFE6F461EDA4}"
EndProject
Global
	GlobalSection(SolutionConfigurationPlatforms) = preSolution
		Debug|Any CPU = Debug|Any CPU
		Release|Any CPU = Release|Any CPU
	EndGlobalSection
	GlobalSection(ProjectConfigurationPlatforms) = postSolution
		{0C46178B-E46E-45F2-B067-E1DC50209525}.Debug|Any CPU.ActiveCfg = Debug|Any CPU
		{0C46178B-E46E-45F2-B067-E1DC50209525}.Debug|Any CPU.Build.0 = Debug|Any CPU
		{0C46178B-E46E-45F2-B067-E1DC50209525}.Release|Any CPU.ActiveCfg = Release|Any CPU
		{0C46178B-E46E-45F2-B067-E1DC50209525}.Release|Any CPU.Build.0 = Release|Any CPU
		{0E0D865D-9B89-498D-A856-48DE2B3764C3}.Debug|Any CPU.ActiveCfg = Debug|Any CPU
		{0E0D865D-9B89-498D-A856-48DE2B3764C3}.Debug|Any CPU.Build.0 = Debug|Any CPU
		{0E0D865D-9B89-498D-A856-48DE2B3764C3}.Release|Any CPU.ActiveCfg = Release|Any CPU
		{0E0D865D-9B89-498D-A856-48DE2B3764C3}.Release|Any CPU.Build.0 = Release|Any CPU
		{A532BB39-3D3D-4D6F-BF31-AFE6F461EDA4}.Debug|Any CPU.ActiveCfg = Debug|Any CPU
		{A532BB39-3D3D-4D6F-BF31-AFE6F461EDA4}.Debug|Any CPU.Build.0 = Debug|Any CPU
		{A532BB39-3D3D-4D6F-BF31-AFE6F461EDA4}.Release|Any CPU.ActiveCfg = Release|Any CPU
		{A532BB39-3D3D-4D6F-BF31-AFE6F461EDA4}.Release|Any CPU.Build.0 = Release|Any CPU
	EndGlobalSection
	GlobalSection(SolutionProperties) = preSolution
		HideSolutionNode = FALSE
	EndGlobalSection
	GlobalSection(ExtensibilityGlobals) = postSolution
		SolutionGuid = {1297EE0D-BD8A-4B5C-A7AE-48C6BDBDB213}
	EndGlobalSection
EndGlobal
